
Microsoft Visual Studio Solution File, Format Version 12.00
# Visual Studio 15
VisualStudioVersion = 15.0.28307.168
MinimumVisualStudioVersion = 10.0.40219.1
Project("{FAE04EC0-301F-11D3-BF4B-00C04F79EFBC}") = "TonerManagement", "TonerManagement\TonerManagement.csproj", "{008B509D-938A-44E1-8056-8D8103AB92E5}"
EndProject
Global
	GlobalSection(SolutionConfigurationPlatforms) = preSolution
		Debug|Any CPU = Debug|Any CPU
		Release|Any CPU = Release|Any CPU
	EndGlobalSection
	GlobalSection(ProjectConfigurationPlatforms) = postSolution
		{008B509D-938A-44E1-8056-8D8103AB92E5}.Debug|Any CPU.ActiveCfg = Debug|Any CPU
		{008B509D-938A-44E1-8056-8D8103AB92E5}.Debug|Any CPU.Build.0 = Debug|Any CPU
		{008B509D-938A-44E1-8056-8D8103AB92E5}.Release|Any CPU.ActiveCfg = Release|Any CPU
		{008B509D-938A-44E1-8056-8D8103AB92E5}.Release|Any CPU.Build.0 = Release|Any CPU
	EndGlobalSection
	GlobalSection(SolutionProperties) = preSolution
		HideSolutionNode = FALSE
	EndGlobalSection
	GlobalSection(ExtensibilityGlobals) = postSolution
		SolutionGuid = {727073F2-6B78-4312-A4EA-A16B4309FD1F}
	EndGlobalSection
EndGlobal
